{
  "originHash" : "c932591be2541d5df9b4bdba774980b1166b4fd1307c6ec779275fd0e51ba0df",
  "pins" : [
    {
      "identity" : "ogury-sdk-spm",
      "kind" : "remoteSourceControl",
      "location" : "https://github.com/Ogury/ogury-sdk-spm",
      "state" : {
        "revision" : "d508ec9f583588883973fdd862f97af0e91df280",
        "version" : "5.2.0"
      }
    },
    {
      "identity" : "swift-package-manager-google-mobile-ads",
      "kind" : "remoteSourceControl",
      "location" : "https://github.com/googleads/swift-package-manager-google-mobile-ads",
      "state" : {
        "revision" : "1239c23464503053c17d37ee5daa70de3455e9c8",
        "version" : "12.14.0"
      }
    },
    {
      "identity" : "swift-package-manager-google-user-messaging-platform",
      "kind" : "remoteSourceControl",
      "location" : "https://github.com/googleads/swift-package-manager-google-user-messaging-platform.git",
      "state" : {
        "revision" : "13b248eaa73b7826f0efb1bcf455e251d65ecb1b",
        "version" : "3.1.0"
      }
    }
  ],
  "version" : 3
}
